// !$*UTF8*$!
{
	archiveVersion = 1;
	classes = {
	};
	objectVersion = 46;
	objects = {

/* Begin PBXBuildFile section */
		65448A401B00E83D00C45B0B /* SettingsViewController.swift in Sources */ = {isa = PBXBuildFile; fileRef = 65448A3F1B00E83D00C45B0B /* SettingsViewController.swift */; };
		654536421AE2BB9C007C0A1E /* ConcernTypeViewController.swift in Sources */ = {isa = PBXBuildFile; fileRef = 654536411AE2BB9C007C0A1E /* ConcernTypeViewController.swift */; };
		654536451AE2C8D4007C0A1E /* ServiceManager.swift in Sources */ = {isa = PBXBuildFile; fileRef = 654536441AE2C8D4007C0A1E /* ServiceManager.swift */; };
		654536471AE2C9C8007C0A1E /* Service.swift in Sources */ = {isa = PBXBuildFile; fileRef = 654536461AE2C9C8007C0A1E /* Service.swift */; };
		6558B9761B08D8BE00E99BEC /* ValidationHandler.swift in Sources */ = {isa = PBXBuildFile; fileRef = 6558B9751B08D8BE00E99BEC /* ValidationHandler.swift */; };
		656840201AE2F326008A8D31 /* ApiHandler.swift in Sources */ = {isa = PBXBuildFile; fileRef = 6568401F1AE2F326008A8D31 /* ApiHandler.swift */; };
		656840231AE3067C008A8D31 /* AddViewController.swift in Sources */ = {isa = PBXBuildFile; fileRef = 656840211AE3067C008A8D31 /* AddViewController.swift */; };
		656840241AE3067C008A8D31 /* AppDelegate.swift in Sources */ = {isa = PBXBuildFile; fileRef = 656840221AE3067C008A8D31 /* AppDelegate.swift */; };
		658AEC051B10772B00A04D91 /* TermsViewController.swift in Sources */ = {isa = PBXBuildFile; fileRef = 658AEC041B10772B00A04D91 /* TermsViewController.swift */; };
		658CB5051AECE91A00C6077E /* AddressManager.swift in Sources */ = {isa = PBXBuildFile; fileRef = 658CB5041AECE91A00C6077E /* AddressManager.swift */; };
		658F190E1AE0E66B007DB575 /* Main.storyboard in Resources */ = {isa = PBXBuildFile; fileRef = 658F190C1AE0E66B007DB575 /* Main.storyboard */; };
		658F19101AE0E66B007DB575 /* Images.xcassets in Resources */ = {isa = PBXBuildFile; fileRef = 658F190F1AE0E66B007DB575 /* Images.xcassets */; };
		658F19131AE0E66B007DB575 /* LaunchScreen.xib in Resources */ = {isa = PBXBuildFile; fileRef = 658F19111AE0E66B007DB575 /* LaunchScreen.xib */; };
		658F191F1AE0E66B007DB575 /* cleanbnTests.swift in Sources */ = {isa = PBXBuildFile; fileRef = 658F191E1AE0E66B007DB575 /* cleanbnTests.swift */; };
		658F19291AE0E767007DB575 /* Concern.swift in Sources */ = {isa = PBXBuildFile; fileRef = 658F19281AE0E767007DB575 /* Concern.swift */; };
		658F192B1AE0E814007DB575 /* MapKit.framework in Frameworks */ = {isa = PBXBuildFile; fileRef = 658F192A1AE0E814007DB575 /* MapKit.framework */; };
		658F192D1AE0E81A007DB575 /* CoreLocation.framework in Frameworks */ = {isa = PBXBuildFile; fileRef = 658F192C1AE0E81A007DB575 /* CoreLocation.framework */; };
		65C2A5DB1AE972EE007AFEC9 /* LocationSelectionViewController.swift in Sources */ = {isa = PBXBuildFile; fileRef = 65C2A5DA1AE972EE007AFEC9 /* LocationSelectionViewController.swift */; };
		65E5B2D51AE137BF00DD4042 /* NSDateISO8601.swift in Sources */ = {isa = PBXBuildFile; fileRef = 65E5B2D41AE137BF00DD4042 /* NSDateISO8601.swift */; };
/* End PBXBuildFile section */

/* Begin PBXContainerItemProxy section */
		658F19191AE0E66B007DB575 /* PBXContainerItemProxy */ = {
			isa = PBXContainerItemProxy;
			containerPortal = 658F18F91AE0E66B007DB575 /* Project object */;
			proxyType = 1;
			remoteGlobalIDString = 658F19001AE0E66B007DB575;
			remoteInfo = cleanbn;
		};
/* End PBXContainerItemProxy section */

/* Begin PBXFileReference section */
		65448A3F1B00E83D00C45B0B /* SettingsViewController.swift */ = {isa = PBXFileReference; fileEncoding = 4; lastKnownFileType = sourcecode.swift; path = SettingsViewController.swift; sourceTree = "<group>"; };
		654536411AE2BB9C007C0A1E /* ConcernTypeViewController.swift */ = {isa = PBXFileReference; fileEncoding = 4; lastKnownFileType = sourcecode.swift; path = ConcernTypeViewController.swift; sourceTree = "<group>"; };
		654536441AE2C8D4007C0A1E /* ServiceManager.swift */ = {isa = PBXFileReference; fileEncoding = 4; lastKnownFileType = sourcecode.swift; path = ServiceManager.swift; sourceTree = "<group>"; };
		654536461AE2C9C8007C0A1E /* Service.swift */ = {isa = PBXFileReference; fileEncoding = 4; lastKnownFileType = sourcecode.swift; path = Service.swift; sourceTree = "<group>"; };
		6558B9751B08D8BE00E99BEC /* ValidationHandler.swift */ = {isa = PBXFileReference; fileEncoding = 4; lastKnownFileType = sourcecode.swift; path = ValidationHandler.swift; sourceTree = "<group>"; };
		6568401F1AE2F326008A8D31 /* ApiHandler.swift */ = {isa = PBXFileReference; fileEncoding = 4; lastKnownFileType = sourcecode.swift; path = ApiHandler.swift; sourceTree = "<group>"; };
		656840211AE3067C008A8D31 /* AddViewController.swift */ = {isa = PBXFileReference; fileEncoding = 4; lastKnownFileType = sourcecode.swift; path = AddViewController.swift; sourceTree = "<group>"; };
		656840221AE3067C008A8D31 /* AppDelegate.swift */ = {isa = PBXFileReference; fileEncoding = 4; lastKnownFileType = sourcecode.swift; path = AppDelegate.swift; sourceTree = "<group>"; };
		658AEC041B10772B00A04D91 /* TermsViewController.swift */ = {isa = PBXFileReference; fileEncoding = 4; lastKnownFileType = sourcecode.swift; path = TermsViewController.swift; sourceTree = "<group>"; };
		658CB5041AECE91A00C6077E /* AddressManager.swift */ = {isa = PBXFileReference; fileEncoding = 4; lastKnownFileType = sourcecode.swift; path = AddressManager.swift; sourceTree = "<group>"; };
		658F19011AE0E66B007DB575 /* cleanbn.app */ = {isa = PBXFileReference; explicitFileType = wrapper.application; includeInIndex = 0; path = cleanbn.app; sourceTree = BUILT_PRODUCTS_DIR; };
		658F19051AE0E66B007DB575 /* Info.plist */ = {isa = PBXFileReference; lastKnownFileType = text.plist.xml; path = Info.plist; sourceTree = "<group>"; };
		658F190D1AE0E66B007DB575 /* Base */ = {isa = PBXFileReference; lastKnownFileType = file.storyboard; name = Base; path = Base.lproj/Main.storyboard; sourceTree = "<group>"; };
		658F190F1AE0E66B007DB575 /* Images.xcassets */ = {isa = PBXFileReference; lastKnownFileType = folder.assetcatalog; path = Images.xcassets; sourceTree = "<group>"; };
		658F19121AE0E66B007DB575 /* Base */ = {isa = PBXFileReference; lastKnownFileType = file.xib; name = Base; path = Base.lproj/LaunchScreen.xib; sourceTree = "<group>"; };
		658F19181AE0E66B007DB575 /* cleanbnTests.xctest */ = {isa = PBXFileReference; explicitFileType = wrapper.cfbundle; includeInIndex = 0; path = cleanbnTests.xctest; sourceTree = BUILT_PRODUCTS_DIR; };
		658F191D1AE0E66B007DB575 /* Info.plist */ = {isa = PBXFileReference; lastKnownFileType = text.plist.xml; path = Info.plist; sourceTree = "<group>"; };
		658F191E1AE0E66B007DB575 /* cleanbnTests.swift */ = {isa = PBXFileReference; lastKnownFileType = sourcecode.swift; path = cleanbnTests.swift; sourceTree = "<group>"; };
		658F19281AE0E767007DB575 /* Concern.swift */ = {isa = PBXFileReference; fileEncoding = 4; lastKnownFileType = sourcecode.swift; path = Concern.swift; sourceTree = "<group>"; };
		658F192A1AE0E814007DB575 /* MapKit.framework */ = {isa = PBXFileReference; lastKnownFileType = wrapper.framework; name = MapKit.framework; path = System/Library/Frameworks/MapKit.framework; sourceTree = SDKROOT; };
		658F192C1AE0E81A007DB575 /* CoreLocation.framework */ = {isa = PBXFileReference; lastKnownFileType = wrapper.framework; name = CoreLocation.framework; path = System/Library/Frameworks/CoreLocation.framework; sourceTree = SDKROOT; };
		65C2A5DA1AE972EE007AFEC9 /* LocationSelectionViewController.swift */ = {isa = PBXFileReference; fileEncoding = 4; lastKnownFileType = sourcecode.swift; path = LocationSelectionViewController.swift; sourceTree = "<group>"; };
		65E5B2D41AE137BF00DD4042 /* NSDateISO8601.swift */ = {isa = PBXFileReference; fileEncoding = 4; lastKnownFileType = sourcecode.swift; path = NSDateISO8601.swift; sourceTree = "<group>"; };
/* End PBXFileReference section */

/* Begin PBXFrameworksBuildPhase section */
		658F18FE1AE0E66B007DB575 /* Frameworks */ = {
			isa = PBXFrameworksBuildPhase;
			buildActionMask = 2147483647;
			files = (
				658F192D1AE0E81A007DB575 /* CoreLocation.framework in Frameworks */,
				658F192B1AE0E814007DB575 /* MapKit.framework in Frameworks */,
			);
			runOnlyForDeploymentPostprocessing = 0;
		};
		658F19151AE0E66B007DB575 /* Frameworks */ = {
			isa = PBXFrameworksBuildPhase;
			buildActionMask = 2147483647;
			files = (
			);
			runOnlyForDeploymentPostprocessing = 0;
		};
/* End PBXFrameworksBuildPhase section */

/* Begin PBXGroup section */
		654536431AE2C8BB007C0A1E /* Services */ = {
			isa = PBXGroup;
			children = (
				654536441AE2C8D4007C0A1E /* ServiceManager.swift */,
				654536461AE2C9C8007C0A1E /* Service.swift */,
			);
			name = Services;
			sourceTree = "<group>";
		};
		6558B9741B08D8A300E99BEC /* Validation */ = {
			isa = PBXGroup;
			children = (
				6558B9751B08D8BE00E99BEC /* ValidationHandler.swift */,
			);
			name = Validation;
			sourceTree = "<group>";
		};
		658CB5061AECE92000C6077E /* Addresses */ = {
			isa = PBXGroup;
			children = (
				658CB5041AECE91A00C6077E /* AddressManager.swift */,
			);
			name = Addresses;
			sourceTree = "<group>";
		};
		658F18F81AE0E66B007DB575 = {
			isa = PBXGroup;
			children = (
				658F192C1AE0E81A007DB575 /* CoreLocation.framework */,
				658F192A1AE0E814007DB575 /* MapKit.framework */,
				658F19031AE0E66B007DB575 /* cleanbn */,
				658F191B1AE0E66B007DB575 /* cleanbnTests */,
				658F19021AE0E66B007DB575 /* Products */,
			);
			sourceTree = "<group>";
		};
		658F19021AE0E66B007DB575 /* Products */ = {
			isa = PBXGroup;
			children = (
				658F19011AE0E66B007DB575 /* cleanbn.app */,
				658F19181AE0E66B007DB575 /* cleanbnTests.xctest */,
			);
			name = Products;
			sourceTree = "<group>";
		};
		658F19031AE0E66B007DB575 /* cleanbn */ = {
			isa = PBXGroup;
			children = (
				658F190C1AE0E66B007DB575 /* Main.storyboard */,
				658F19111AE0E66B007DB575 /* LaunchScreen.xib */,
				656840211AE3067C008A8D31 /* AddViewController.swift */,
				6568401F1AE2F326008A8D31 /* ApiHandler.swift */,
				656840221AE3067C008A8D31 /* AppDelegate.swift */,
				658F19281AE0E767007DB575 /* Concern.swift */,
				654536411AE2BB9C007C0A1E /* ConcernTypeViewController.swift */,
				65C2A5DA1AE972EE007AFEC9 /* LocationSelectionViewController.swift */,
				65E5B2D41AE137BF00DD4042 /* NSDateISO8601.swift */,
				65448A3F1B00E83D00C45B0B /* SettingsViewController.swift */,
				658AEC041B10772B00A04D91 /* TermsViewController.swift */,
				658CB5061AECE92000C6077E /* Addresses */,
				654536431AE2C8BB007C0A1E /* Services */,
				6558B9741B08D8A300E99BEC /* Validation */,
				658F190F1AE0E66B007DB575 /* Images.xcassets */,
				658F19041AE0E66B007DB575 /* Supporting Files */,
			);
			path = cleanbn;
			sourceTree = "<group>";
		};
		658F19041AE0E66B007DB575 /* Supporting Files */ = {
			isa = PBXGroup;
			children = (
				658F19051AE0E66B007DB575 /* Info.plist */,
			);
			name = "Supporting Files";
			sourceTree = "<group>";
		};
		658F191B1AE0E66B007DB575 /* cleanbnTests */ = {
			isa = PBXGroup;
			children = (
				658F191E1AE0E66B007DB575 /* cleanbnTests.swift */,
				658F191C1AE0E66B007DB575 /* Supporting Files */,
			);
			path = cleanbnTests;
			sourceTree = "<group>";
		};
		658F191C1AE0E66B007DB575 /* Supporting Files */ = {
			isa = PBXGroup;
			children = (
				658F191D1AE0E66B007DB575 /* Info.plist */,
			);
			name = "Supporting Files";
			sourceTree = "<group>";
		};
/* End PBXGroup section */

/* Begin PBXNativeTarget section */
		658F19001AE0E66B007DB575 /* cleanbn */ = {
			isa = PBXNativeTarget;
			buildConfigurationList = 658F19221AE0E66B007DB575 /* Build configuration list for PBXNativeTarget "cleanbn" */;
			buildPhases = (
				658F18FD1AE0E66B007DB575 /* Sources */,
				658F18FE1AE0E66B007DB575 /* Frameworks */,
				658F18FF1AE0E66B007DB575 /* Resources */,
			);
			buildRules = (
			);
			dependencies = (
			);
			name = cleanbn;
			productName = cleanbn;
			productReference = 658F19011AE0E66B007DB575 /* cleanbn.app */;
			productType = "com.apple.product-type.application";
		};
		658F19171AE0E66B007DB575 /* cleanbnTests */ = {
			isa = PBXNativeTarget;
			buildConfigurationList = 658F19251AE0E66B007DB575 /* Build configuration list for PBXNativeTarget "cleanbnTests" */;
			buildPhases = (
				658F19141AE0E66B007DB575 /* Sources */,
				658F19151AE0E66B007DB575 /* Frameworks */,
				658F19161AE0E66B007DB575 /* Resources */,
			);
			buildRules = (
			);
			dependencies = (
				658F191A1AE0E66B007DB575 /* PBXTargetDependency */,
			);
			name = cleanbnTests;
			productName = cleanbnTests;
			productReference = 658F19181AE0E66B007DB575 /* cleanbnTests.xctest */;
			productType = "com.apple.product-type.bundle.unit-test";
		};
/* End PBXNativeTarget section */

/* Begin PBXProject section */
		658F18F91AE0E66B007DB575 /* Project object */ = {
			isa = PBXProject;
			attributes = {
				LastUpgradeCheck = 0630;
				ORGANIZATIONNAME = "Daniel Rauber";
				TargetAttributes = {
					658F19001AE0E66B007DB575 = {
						CreatedOnToolsVersion = 6.3;
						DevelopmentTeam = 6TKB334MDW;
					};
					658F19171AE0E66B007DB575 = {
						CreatedOnToolsVersion = 6.3;
						TestTargetID = 658F19001AE0E66B007DB575;
					};
				};
			};
			buildConfigurationList = 658F18FC1AE0E66B007DB575 /* Build configuration list for PBXProject "cleanbn" */;
			compatibilityVersion = "Xcode 3.2";
			developmentRegion = English;
			hasScannedForEncodings = 0;
			knownRegions = (
				en,
				Base,
			);
			mainGroup = 658F18F81AE0E66B007DB575;
			productRefGroup = 658F19021AE0E66B007DB575 /* Products */;
			projectDirPath = "";
			projectRoot = "";
			targets = (
				658F19001AE0E66B007DB575 /* cleanbn */,
				658F19171AE0E66B007DB575 /* cleanbnTests */,
			);
		};
/* End PBXProject section */

/* Begin PBXResourcesBuildPhase section */
		658F18FF1AE0E66B007DB575 /* Resources */ = {
			isa = PBXResourcesBuildPhase;
			buildActionMask = 2147483647;
			files = (
				658F190E1AE0E66B007DB575 /* Main.storyboard in Resources */,
				658F19131AE0E66B007DB575 /* LaunchScreen.xib in Resources */,
				658F19101AE0E66B007DB575 /* Images.xcassets in Resources */,
			);
			runOnlyForDeploymentPostprocessing = 0;
		};
		658F19161AE0E66B007DB575 /* Resources */ = {
			isa = PBXResourcesBuildPhase;
			buildActionMask = 2147483647;
			files = (
			);
			runOnlyForDeploymentPostprocessing = 0;
		};
/* End PBXResourcesBuildPhase section */

/* Begin PBXSourcesBuildPhase section */
		658F18FD1AE0E66B007DB575 /* Sources */ = {
			isa = PBXSourcesBuildPhase;
			buildActionMask = 2147483647;
			files = (
				658F19291AE0E767007DB575 /* Concern.swift in Sources */,
				654536421AE2BB9C007C0A1E /* ConcernTypeViewController.swift in Sources */,
				656840231AE3067C008A8D31 /* AddViewController.swift in Sources */,
				658AEC051B10772B00A04D91 /* TermsViewController.swift in Sources */,
				65E5B2D51AE137BF00DD4042 /* NSDateISO8601.swift in Sources */,
				658CB5051AECE91A00C6077E /* AddressManager.swift in Sources */,
				654536451AE2C8D4007C0A1E /* ServiceManager.swift in Sources */,
				654536471AE2C9C8007C0A1E /* Service.swift in Sources */,
				65448A401B00E83D00C45B0B /* SettingsViewController.swift in Sources */,
				656840201AE2F326008A8D31 /* ApiHandler.swift in Sources */,
				65C2A5DB1AE972EE007AFEC9 /* LocationSelectionViewController.swift in Sources */,
				656840241AE3067C008A8D31 /* AppDelegate.swift in Sources */,
				6558B9761B08D8BE00E99BEC /* ValidationHandler.swift in Sources */,
			);
			runOnlyForDeploymentPostprocessing = 0;
		};
		658F19141AE0E66B007DB575 /* Sources */ = {
			isa = PBXSourcesBuildPhase;
			buildActionMask = 2147483647;
			files = (
				658F191F1AE0E66B007DB575 /* cleanbnTests.swift in Sources */,
			);
			runOnlyForDeploymentPostprocessing = 0;
		};
/* End PBXSourcesBuildPhase section */

/* Begin PBXTargetDependency section */
		658F191A1AE0E66B007DB575 /* PBXTargetDependency */ = {
			isa = PBXTargetDependency;
			target = 658F19001AE0E66B007DB575 /* cleanbn */;
			targetProxy = 658F19191AE0E66B007DB575 /* PBXContainerItemProxy */;
		};
/* End PBXTargetDependency section */

/* Begin PBXVariantGroup section */
		658F190C1AE0E66B007DB575 /* Main.storyboard */ = {
			isa = PBXVariantGroup;
			children = (
				658F190D1AE0E66B007DB575 /* Base */,
			);
			name = Main.storyboard;
			sourceTree = "<group>";
		};
		658F19111AE0E66B007DB575 /* LaunchScreen.xib */ = {
			isa = PBXVariantGroup;
			children = (
				658F19121AE0E66B007DB575 /* Base */,
			);
			name = LaunchScreen.xib;
			sourceTree = "<group>";
		};
/* End PBXVariantGroup section */

/* Begin XCBuildConfiguration section */
		658F19201AE0E66B007DB575 /* Debug */ = {
			isa = XCBuildConfiguration;
			buildSettings = {
				ALWAYS_SEARCH_USER_PATHS = NO;
				CLANG_CXX_LANGUAGE_STANDARD = "gnu++0x";
				CLANG_CXX_LIBRARY = "libc++";
				CLANG_ENABLE_MODULES = YES;
				CLANG_ENABLE_OBJC_ARC = YES;
				CLANG_WARN_BOOL_CONVERSION = YES;
				CLANG_WARN_CONSTANT_CONVERSION = YES;
				CLANG_WARN_DIRECT_OBJC_ISA_USAGE = YES_ERROR;
				CLANG_WARN_EMPTY_BODY = YES;
				CLANG_WARN_ENUM_CONVERSION = YES;
				CLANG_WARN_INT_CONVERSION = YES;
				CLANG_WARN_OBJC_ROOT_CLASS = YES_ERROR;
				CLANG_WARN_UNREACHABLE_CODE = YES;
				CLANG_WARN__DUPLICATE_METHOD_MATCH = YES;
				"CODE_SIGN_IDENTITY[sdk=iphoneos*]" = "iPhone Developer";
				COPY_PHASE_STRIP = NO;
				DEBUG_INFORMATION_FORMAT = "dwarf-with-dsym";
				ENABLE_STRICT_OBJC_MSGSEND = YES;
				GCC_C_LANGUAGE_STANDARD = gnu99;
				GCC_DYNAMIC_NO_PIC = NO;
				GCC_NO_COMMON_BLOCKS = YES;
				GCC_OPTIMIZATION_LEVEL = 0;
				GCC_PREPROCESSOR_DEFINITIONS = (
					"DEBUG=1",
					"$(inherited)",
				);
				GCC_SYMBOLS_PRIVATE_EXTERN = NO;
				GCC_WARN_64_TO_32_BIT_CONVERSION = YES;
				GCC_WARN_ABOUT_RETURN_TYPE = YES_ERROR;
				GCC_WARN_UNDECLARED_SELECTOR = YES;
				GCC_WARN_UNINITIALIZED_AUTOS = YES_AGGRESSIVE;
				GCC_WARN_UNUSED_FUNCTION = YES;
				GCC_WARN_UNUSED_VARIABLE = YES;
				IPHONEOS_DEPLOYMENT_TARGET = 8.3;
				MTL_ENABLE_DEBUG_INFO = YES;
				ONLY_ACTIVE_ARCH = YES;
				SDKROOT = iphoneos;
				SWIFT_OPTIMIZATION_LEVEL = "-Onone";
			};
			name = Debug;
		};
		658F19211AE0E66B007DB575 /* Release */ = {
			isa = XCBuildConfiguration;
			buildSettings = {
				ALWAYS_SEARCH_USER_PATHS = NO;
				CLANG_CXX_LANGUAGE_STANDARD = "gnu++0x";
				CLANG_CXX_LIBRARY = "libc++";
				CLANG_ENABLE_MODULES = YES;
				CLANG_ENABLE_OBJC_ARC = YES;
				CLANG_WARN_BOOL_CONVERSION = YES;
				CLANG_WARN_CONSTANT_CONVERSION = YES;
				CLANG_WARN_DIRECT_OBJC_ISA_USAGE = YES_ERROR;
				CLANG_WARN_EMPTY_BODY = YES;
				CLANG_WARN_ENUM_CONVERSION = YES;
				CLANG_WARN_INT_CONVERSION = YES;
				CLANG_WARN_OBJC_ROOT_CLASS = YES_ERROR;
				CLANG_WARN_UNREACHABLE_CODE = YES;
				CLANG_WARN__DUPLICATE_METHOD_MATCH = YES;
				"CODE_SIGN_IDENTITY[sdk=iphoneos*]" = "iPhone Developer";
				COPY_PHASE_STRIP = NO;
				DEBUG_INFORMATION_FORMAT = "dwarf-with-dsym";
				ENABLE_NS_ASSERTIONS = NO;
				ENABLE_STRICT_OBJC_MSGSEND = YES;
				GCC_C_LANGUAGE_STANDARD = gnu99;
				GCC_NO_COMMON_BLOCKS = YES;
				GCC_WARN_64_TO_32_BIT_CONVERSION = YES;
				GCC_WARN_ABOUT_RETURN_TYPE = YES_ERROR;
				GCC_WARN_UNDECLARED_SELECTOR = YES;
				GCC_WARN_UNINITIALIZED_AUTOS = YES_AGGRESSIVE;
				GCC_WARN_UNUSED_FUNCTION = YES;
				GCC_WARN_UNUSED_VARIABLE = YES;
				IPHONEOS_DEPLOYMENT_TARGET = 8.3;
				MTL_ENABLE_DEBUG_INFO = NO;
				SDKROOT = iphoneos;
				VALIDATE_PRODUCT = YES;
			};
			name = Release;
		};
		658F19231AE0E66B007DB575 /* Debug */ = {
			isa = XCBuildConfiguration;
			buildSettings = {
				ASSETCATALOG_COMPILER_APPICON_NAME = AppIcon;
				CODE_SIGN_IDENTITY = "iPhone Developer";
				INFOPLIST_FILE = cleanbn/Info.plist;
				LD_RUNPATH_SEARCH_PATHS = "$(inherited) @executable_path/Frameworks";
				PRODUCT_NAME = "$(TARGET_NAME)";
			};
			name = Debug;
		};
		658F19241AE0E66B007DB575 /* Release */ = {
			isa = XCBuildConfiguration;
			buildSettings = {
				ASSETCATALOG_COMPILER_APPICON_NAME = AppIcon;
				CODE_SIGN_IDENTITY = "iPhone Developer";
				INFOPLIST_FILE = cleanbn/Info.plist;
				LD_RUNPATH_SEARCH_PATHS = "$(inherited) @executable_path/Frameworks";
				PRODUCT_NAME = "$(TARGET_NAME)";
			};
			name = Release;
		};
		658F19261AE0E66B007DB575 /* Debug */ = {
			isa = XCBuildConfiguration;
			buildSettings = {
				BUNDLE_LOADER = "$(TEST_HOST)";
				FRAMEWORK_SEARCH_PATHS = (
					"$(SDKROOT)/Developer/Library/Frameworks",
					"$(inherited)",
				);
				GCC_PREPROCESSOR_DEFINITIONS = (
					"DEBUG=1",
					"$(inherited)",
				);
				INFOPLIST_FILE = cleanbnTests/Info.plist;
				LD_RUNPATH_SEARCH_PATHS = "$(inherited) @executable_path/Frameworks @loader_path/Frameworks";
				PRODUCT_NAME = "$(TARGET_NAME)";
				TEST_HOST = "$(BUILT_PRODUCTS_DIR)/cleanbn.app/cleanbn";
			};
			name = Debug;
		};
		658F19271AE0E66B007DB575 /* Release */ = {
			isa = XCBuildConfiguration;
			buildSettings = {
				BUNDLE_LOADER = "$(TEST_HOST)";
				FRAMEWORK_SEARCH_PATHS = (
					"$(SDKROOT)/Developer/Library/Frameworks",
					"$(inherited)",
				);
				INFOPLIST_FILE = cleanbnTests/Info.plist;
				LD_RUNPATH_SEARCH_PATHS = "$(inherited) @executable_path/Frameworks @loader_path/Frameworks";
				PRODUCT_NAME = "$(TARGET_NAME)";
				TEST_HOST = "$(BUILT_PRODUCTS_DIR)/cleanbn.app/cleanbn";
			};
			name = Release;
		};
/* End XCBuildConfiguration section */

/* Begin XCConfigurationList section */
		658F18FC1AE0E66B007DB575 /* Build configuration list for PBXProject "cleanbn" */ = {
			isa = XCConfigurationList;
			buildConfigurations = (
				658F19201AE0E66B007DB575 /* Debug */,
				658F19211AE0E66B007DB575 /* Release */,
			);
			defaultConfigurationIsVisible = 0;
			defaultConfigurationName = Release;
		};
		658F19221AE0E66B007DB575 /* Build configuration list for PBXNativeTarget "cleanbn" */ = {
			isa = XCConfigurationList;
			buildConfigurations = (
				658F19231AE0E66B007DB575 /* Debug */,
				658F19241AE0E66B007DB575 /* Release */,
			);
			defaultConfigurationIsVisible = 0;
			defaultConfigurationName = Release;
		};
		658F19251AE0E66B007DB575 /* Build configuration list for PBXNativeTarget "cleanbnTests" */ = {
			isa = XCConfigurationList;
			buildConfigurations = (
				658F19261AE0E66B007DB575 /* Debug */,
				658F19271AE0E66B007DB575 /* Release */,
			);
			defaultConfigurationIsVisible = 0;
			defaultConfigurationName = Release;
		};
/* End XCConfigurationList section */
	};
	rootObject = 658F18F91AE0E66B007DB575 /* Project object */;
}
